
Microsoft Visual Studio Solution File, Format Version 12.00
# Visual Studio Version 17
VisualStudioVersion = 17.9.34701.34
MinimumVisualStudioVersion = 10.0.40219.1
Project("{FAE04EC0-301F-11D3-BF4B-00C04F79EFBC}") = "Tarea1_IF4101_C14644", "Tarea1_IF4101_C14644\Tarea1_IF4101_C14644.csproj", "{D9955D96-E65E-4C8B-8EF7-ACFA6F534AD3}"
EndProject
Global
	GlobalSection(SolutionConfigurationPlatforms) = preSolution
		Debug|Any CPU = Debug|Any CPU
		Release|Any CPU = Release|Any CPU
	EndGlobalSection
	GlobalSection(ProjectConfigurationPlatforms) = postSolution
		{D9955D96-E65E-4C8B-8EF7-ACFA6F534AD3}.Debug|Any CPU.ActiveCfg = Debug|Any CPU
		{D9955D96-E65E-4C8B-8EF7-ACFA6F534AD3}.Debug|Any CPU.Build.0 = Debug|Any CPU
		{D9955D96-E65E-4C8B-8EF7-ACFA6F534AD3}.Release|Any CPU.ActiveCfg = Release|Any CPU
		{D9955D96-E65E-4C8B-8EF7-ACFA6F534AD3}.Release|Any CPU.Build.0 = Release|Any CPU
	EndGlobalSection
	GlobalSection(SolutionProperties) = preSolution
		HideSolutionNode = FALSE
	EndGlobalSection
	GlobalSection(ExtensibilityGlobals) = postSolution
		SolutionGuid = {7FB89BF7-DD84-4A77-99E8-1139DC9BDA05}
	EndGlobalSection
EndGlobal
